// !$*UTF8*$!
{
	archiveVersion = 1;
	classes = {
	};
	objectVersion = 50;
	objects = {

/* Begin PBXBuildFile section */
		79ACABE56D3CA263C3634869 /* Pods_ProjectManagmentProcesses.framework in Frameworks */ = {isa = PBXBuildFile; fileRef = 8E27E56C72DE381BF62786CB /* Pods_ProjectManagmentProcesses.framework */; };
		C22B49EC21276BCB00A6CAC3 /* MenuViewController.swift in Sources */ = {isa = PBXBuildFile; fileRef = C22B49EB21276BCB00A6CAC3 /* MenuViewController.swift */; };
		C26A09B22135273E00F8D5FB /* CustomResultsCell.swift in Sources */ = {isa = PBXBuildFile; fileRef = C26A09B02135273E00F8D5FB /* CustomResultsCell.swift */; };
		C26A09B32135273E00F8D5FB /* CustomResultsCell.xib in Resources */ = {isa = PBXBuildFile; fileRef = C26A09B12135273E00F8D5FB /* CustomResultsCell.xib */; };
		C2718C6F212A0522008BDA27 /* MenuOneViewController.swift in Sources */ = {isa = PBXBuildFile; fileRef = C2718C6E212A0522008BDA27 /* MenuOneViewController.swift */; };
		C2A746602124E53500500AA1 /* AppDelegate.swift in Sources */ = {isa = PBXBuildFile; fileRef = C2A7465F2124E53500500AA1 /* AppDelegate.swift */; };
		C2A746652124E53500500AA1 /* Main.storyboard in Resources */ = {isa = PBXBuildFile; fileRef = C2A746632124E53500500AA1 /* Main.storyboard */; };
		C2A746672124E53700500AA1 /* Assets.xcassets in Resources */ = {isa = PBXBuildFile; fileRef = C2A746662124E53700500AA1 /* Assets.xcassets */; };
		C2A7466A2124E53700500AA1 /* LaunchScreen.storyboard in Resources */ = {isa = PBXBuildFile; fileRef = C2A746682124E53700500AA1 /* LaunchScreen.storyboard */; };
		C2A746792124E83F00500AA1 /* LoginViewController.swift in Sources */ = {isa = PBXBuildFile; fileRef = C2A746782124E83F00500AA1 /* LoginViewController.swift */; };
		C2A7467D2124FDB600500AA1 /* QuestionViewController.swift in Sources */ = {isa = PBXBuildFile; fileRef = C2A7467C2124FDB600500AA1 /* QuestionViewController.swift */; };
		C2A7467F2125023C00500AA1 /* ResultsViewController.swift in Sources */ = {isa = PBXBuildFile; fileRef = C2A7467E2125023C00500AA1 /* ResultsViewController.swift */; };
		C2A74683212504DF00500AA1 /* PreviousResultsTableViewController.swift in Sources */ = {isa = PBXBuildFile; fileRef = C2A74682212504DF00500AA1 /* PreviousResultsTableViewController.swift */; };
		C2A746852125057300500AA1 /* Question.swift in Sources */ = {isa = PBXBuildFile; fileRef = C2A746842125057300500AA1 /* Question.swift */; };
		C2A746872125070E00500AA1 /* QuestionBank.swift in Sources */ = {isa = PBXBuildFile; fileRef = C2A746862125070E00500AA1 /* QuestionBank.swift */; };
		C2A746892125087C00500AA1 /* Bank.swift in Sources */ = {isa = PBXBuildFile; fileRef = C2A746882125087C00500AA1 /* Bank.swift */; };
		C2B508CD2127438300C60A21 /* GoogleService-Info.plist in Resources */ = {isa = PBXBuildFile; fileRef = C2B508CC2127438300C60A21 /* GoogleService-Info.plist */; };
/* End PBXBuildFile section */

/* Begin PBXFileReference section */
		07D362519260BA47A2FA7E56 /* Pods-ProjectManagmentProcesses.release.xcconfig */ = {isa = PBXFileReference; includeInIndex = 1; lastKnownFileType = text.xcconfig; name = "Pods-ProjectManagmentProcesses.release.xcconfig"; path = "Pods/Target Support Files/Pods-ProjectManagmentProcesses/Pods-ProjectManagmentProcesses.release.xcconfig"; sourceTree = "<group>"; };
		8E27E56C72DE381BF62786CB /* Pods_ProjectManagmentProcesses.framework */ = {isa = PBXFileReference; explicitFileType = wrapper.framework; includeInIndex = 0; path = Pods_ProjectManagmentProcesses.framework; sourceTree = BUILT_PRODUCTS_DIR; };
		C22B49EB21276BCB00A6CAC3 /* MenuViewController.swift */ = {isa = PBXFileReference; lastKnownFileType = sourcecode.swift; path = MenuViewController.swift; sourceTree = "<group>"; };
		C26A09B02135273E00F8D5FB /* CustomResultsCell.swift */ = {isa = PBXFileReference; lastKnownFileType = sourcecode.swift; path = CustomResultsCell.swift; sourceTree = "<group>"; };
		C26A09B12135273E00F8D5FB /* CustomResultsCell.xib */ = {isa = PBXFileReference; lastKnownFileType = file.xib; path = CustomResultsCell.xib; sourceTree = "<group>"; };
		C2718C6E212A0522008BDA27 /* MenuOneViewController.swift */ = {isa = PBXFileReference; lastKnownFileType = sourcecode.swift; path = MenuOneViewController.swift; sourceTree = "<group>"; };
		C2A7465C2124E53500500AA1 /* ProjectManagmentProcesses.app */ = {isa = PBXFileReference; explicitFileType = wrapper.application; includeInIndex = 0; path = ProjectManagmentProcesses.app; sourceTree = BUILT_PRODUCTS_DIR; };
		C2A7465F2124E53500500AA1 /* AppDelegate.swift */ = {isa = PBXFileReference; lastKnownFileType = sourcecode.swift; path = AppDelegate.swift; sourceTree = "<group>"; };
		C2A746642124E53500500AA1 /* Base */ = {isa = PBXFileReference; lastKnownFileType = file.storyboard; name = Base; path = Base.lproj/Main.storyboard; sourceTree = "<group>"; };
		C2A746662124E53700500AA1 /* Assets.xcassets */ = {isa = PBXFileReference; lastKnownFileType = folder.assetcatalog; path = Assets.xcassets; sourceTree = "<group>"; };
		C2A746692124E53700500AA1 /* Base */ = {isa = PBXFileReference; lastKnownFileType = file.storyboard; name = Base; path = Base.lproj/LaunchScreen.storyboard; sourceTree = "<group>"; };
		C2A7466B2124E53700500AA1 /* Info.plist */ = {isa = PBXFileReference; lastKnownFileType = text.plist.xml; path = Info.plist; sourceTree = "<group>"; };
		C2A746782124E83F00500AA1 /* LoginViewController.swift */ = {isa = PBXFileReference; lastKnownFileType = sourcecode.swift; path = LoginViewController.swift; sourceTree = "<group>"; };
		C2A7467C2124FDB600500AA1 /* QuestionViewController.swift */ = {isa = PBXFileReference; lastKnownFileType = sourcecode.swift; path = QuestionViewController.swift; sourceTree = "<group>"; };
		C2A7467E2125023C00500AA1 /* ResultsViewController.swift */ = {isa = PBXFileReference; lastKnownFileType = sourcecode.swift; path = ResultsViewController.swift; sourceTree = "<group>"; };
		C2A74682212504DF00500AA1 /* PreviousResultsTableViewController.swift */ = {isa = PBXFileReference; lastKnownFileType = sourcecode.swift; path = PreviousResultsTableViewController.swift; sourceTree = "<group>"; };
		C2A746842125057300500AA1 /* Question.swift */ = {isa = PBXFileReference; lastKnownFileType = sourcecode.swift; path = Question.swift; sourceTree = "<group>"; };
		C2A746862125070E00500AA1 /* QuestionBank.swift */ = {isa = PBXFileReference; lastKnownFileType = sourcecode.swift; path = QuestionBank.swift; sourceTree = "<group>"; };
		C2A746882125087C00500AA1 /* Bank.swift */ = {isa = PBXFileReference; lastKnownFileType = sourcecode.swift; path = Bank.swift; sourceTree = "<group>"; };
		C2B508CC2127438300C60A21 /* GoogleService-Info.plist */ = {isa = PBXFileReference; fileEncoding = 4; lastKnownFileType = text.plist.xml; path = "GoogleService-Info.plist"; sourceTree = "<group>"; };
		C3C1BD25D2777C7310E2D9EB /* Pods-ProjectManagmentProcesses.debug.xcconfig */ = {isa = PBXFileReference; includeInIndex = 1; lastKnownFileType = text.xcconfig; name = "Pods-ProjectManagmentProcesses.debug.xcconfig"; path = "Pods/Target Support Files/Pods-ProjectManagmentProcesses/Pods-ProjectManagmentProcesses.debug.xcconfig"; sourceTree = "<group>"; };
/* End PBXFileReference section */

/* Begin PBXFrameworksBuildPhase section */
		C2A746592124E53500500AA1 /* Frameworks */ = {
			isa = PBXFrameworksBuildPhase;
			buildActionMask = 2147483647;
			files = (
				79ACABE56D3CA263C3634869 /* Pods_ProjectManagmentProcesses.framework in Frameworks */,
			);
			runOnlyForDeploymentPostprocessing = 0;
		};
/* End PBXFrameworksBuildPhase section */

/* Begin PBXGroup section */
		0F0FE2C6313ED080BA1C6CFE /* Frameworks */ = {
			isa = PBXGroup;
			children = (
				8E27E56C72DE381BF62786CB /* Pods_ProjectManagmentProcesses.framework */,
			);
			name = Frameworks;
			sourceTree = "<group>";
		};
		C26A09AF2135263400F8D5FB /* Custom Cell */ = {
			isa = PBXGroup;
			children = (
				C26A09B02135273E00F8D5FB /* CustomResultsCell.swift */,
				C26A09B12135273E00F8D5FB /* CustomResultsCell.xib */,
			);
			path = "Custom Cell";
			sourceTree = "<group>";
		};
		C2A746532124E53500500AA1 = {
			isa = PBXGroup;
			children = (
				C2A7465E2124E53500500AA1 /* ProjectManagmentProcesses */,
				C2A7465D2124E53500500AA1 /* Products */,
				D3DE328F488C788584FBA484 /* Pods */,
				0F0FE2C6313ED080BA1C6CFE /* Frameworks */,
			);
			sourceTree = "<group>";
		};
		C2A7465D2124E53500500AA1 /* Products */ = {
			isa = PBXGroup;
			children = (
				C2A7465C2124E53500500AA1 /* ProjectManagmentProcesses.app */,
			);
			name = Products;
			sourceTree = "<group>";
		};
		C2A7465E2124E53500500AA1 /* ProjectManagmentProcesses */ = {
			isa = PBXGroup;
			children = (
				C2A746732124E76600500AA1 /* Controller */,
				C2A746722124E75F00500AA1 /* View */,
				C2A746712124E75500500AA1 /* Model */,
				C2A7466B2124E53700500AA1 /* Info.plist */,
				C2B508CC2127438300C60A21 /* GoogleService-Info.plist */,
			);
			path = ProjectManagmentProcesses;
			sourceTree = "<group>";
		};
		C2A746712124E75500500AA1 /* Model */ = {
			isa = PBXGroup;
			children = (
				C2A746842125057300500AA1 /* Question.swift */,
				C2A746862125070E00500AA1 /* QuestionBank.swift */,
				C2A746882125087C00500AA1 /* Bank.swift */,
			);
			path = Model;
			sourceTree = "<group>";
		};
		C2A746722124E75F00500AA1 /* View */ = {
			isa = PBXGroup;
			children = (
				C26A09AF2135263400F8D5FB /* Custom Cell */,
				C2A746632124E53500500AA1 /* Main.storyboard */,
				C2A746682124E53700500AA1 /* LaunchScreen.storyboard */,
				C2A746662124E53700500AA1 /* Assets.xcassets */,
			);
			path = View;
			sourceTree = "<group>";
		};
		C2A746732124E76600500AA1 /* Controller */ = {
			isa = PBXGroup;
			children = (
				C2A7465F2124E53500500AA1 /* AppDelegate.swift */,
				C2A746782124E83F00500AA1 /* LoginViewController.swift */,
				C2A7467C2124FDB600500AA1 /* QuestionViewController.swift */,
				C2A7467E2125023C00500AA1 /* ResultsViewController.swift */,
				C2A74682212504DF00500AA1 /* PreviousResultsTableViewController.swift */,
				C22B49EB21276BCB00A6CAC3 /* MenuViewController.swift */,
				C2718C6E212A0522008BDA27 /* MenuOneViewController.swift */,
			);
			path = Controller;
			sourceTree = "<group>";
		};
		D3DE328F488C788584FBA484 /* Pods */ = {
			isa = PBXGroup;
			children = (
				C3C1BD25D2777C7310E2D9EB /* Pods-ProjectManagmentProcesses.debug.xcconfig */,
				07D362519260BA47A2FA7E56 /* Pods-ProjectManagmentProcesses.release.xcconfig */,
			);
			name = Pods;
			sourceTree = "<group>";
		};
/* End PBXGroup section */

/* Begin PBXNativeTarget section */
		C2A7465B2124E53500500AA1 /* ProjectManagmentProcesses */ = {
			isa = PBXNativeTarget;
			buildConfigurationList = C2A7466E2124E53700500AA1 /* Build configuration list for PBXNativeTarget "ProjectManagmentProcesses" */;
			buildPhases = (
				D5216367806035D9ED007B72 /* [CP] Check Pods Manifest.lock */,
				C2A746582124E53500500AA1 /* Sources */,
				C2A746592124E53500500AA1 /* Frameworks */,
				C2A7465A2124E53500500AA1 /* Resources */,
				84F02DD211D4FFD5DF829481 /* [CP] Embed Pods Frameworks */,
			);
			buildRules = (
			);
			dependencies = (
			);
			name = ProjectManagmentProcesses;
			productName = ProjectManagmentProcesses;
			productReference = C2A7465C2124E53500500AA1 /* ProjectManagmentProcesses.app */;
			productType = "com.apple.product-type.application";
		};
/* End PBXNativeTarget section */

/* Begin PBXProject section */
		C2A746542124E53500500AA1 /* Project object */ = {
			isa = PBXProject;
			attributes = {
				LastSwiftUpdateCheck = 0940;
				LastUpgradeCheck = 0940;
				ORGANIZATIONNAME = "Hector Andres Perez Villatoro";
				TargetAttributes = {
					C2A7465B2124E53500500AA1 = {
						CreatedOnToolsVersion = 9.4.1;
					};
				};
			};
			buildConfigurationList = C2A746572124E53500500AA1 /* Build configuration list for PBXProject "ProjectManagmentProcesses" */;
			compatibilityVersion = "Xcode 9.3";
			developmentRegion = en;
			hasScannedForEncodings = 0;
			knownRegions = (
				en,
				Base,
			);
			mainGroup = C2A746532124E53500500AA1;
			productRefGroup = C2A7465D2124E53500500AA1 /* Products */;
			projectDirPath = "";
			projectRoot = "";
			targets = (
				C2A7465B2124E53500500AA1 /* ProjectManagmentProcesses */,
			);
		};
/* End PBXProject section */

/* Begin PBXResourcesBuildPhase section */
		C2A7465A2124E53500500AA1 /* Resources */ = {
			isa = PBXResourcesBuildPhase;
			buildActionMask = 2147483647;
			files = (
				C2A7466A2124E53700500AA1 /* LaunchScreen.storyboard in Resources */,
				C2B508CD2127438300C60A21 /* GoogleService-Info.plist in Resources */,
				C2A746672124E53700500AA1 /* Assets.xcassets in Resources */,
				C2A746652124E53500500AA1 /* Main.storyboard in Resources */,
				C26A09B32135273E00F8D5FB /* CustomResultsCell.xib in Resources */,
			);
			runOnlyForDeploymentPostprocessing = 0;
		};
/* End PBXResourcesBuildPhase section */

/* Begin PBXShellScriptBuildPhase section */
		84F02DD211D4FFD5DF829481 /* [CP] Embed Pods Frameworks */ = {
			isa = PBXShellScriptBuildPhase;
			buildActionMask = 2147483647;
			files = (
			);
			inputPaths = (
				"${SRCROOT}/Pods/Target Support Files/Pods-ProjectManagmentProcesses/Pods-ProjectManagmentProcesses-frameworks.sh",
				"${BUILT_PRODUCTS_DIR}/ChameleonFramework/ChameleonFramework.framework",
				"${BUILT_PRODUCTS_DIR}/GTMSessionFetcher/GTMSessionFetcher.framework",
				"${BUILT_PRODUCTS_DIR}/GoogleUtilities/GoogleUtilities.framework",
				"${BUILT_PRODUCTS_DIR}/Realm/Realm.framework",
				"${BUILT_PRODUCTS_DIR}/RealmSwift/RealmSwift.framework",
				"${BUILT_PRODUCTS_DIR}/SVProgressHUD/SVProgressHUD.framework",
				"${BUILT_PRODUCTS_DIR}/leveldb-library/leveldb.framework",
				"${BUILT_PRODUCTS_DIR}/nanopb/nanopb.framework",
			);
			name = "[CP] Embed Pods Frameworks";
			outputPaths = (
				"${TARGET_BUILD_DIR}/${FRAMEWORKS_FOLDER_PATH}/ChameleonFramework.framework",
				"${TARGET_BUILD_DIR}/${FRAMEWORKS_FOLDER_PATH}/GTMSessionFetcher.framework",
				"${TARGET_BUILD_DIR}/${FRAMEWORKS_FOLDER_PATH}/GoogleUtilities.framework",
				"${TARGET_BUILD_DIR}/${FRAMEWORKS_FOLDER_PATH}/Realm.framework",
				"${TARGET_BUILD_DIR}/${FRAMEWORKS_FOLDER_PATH}/RealmSwift.framework",
				"${TARGET_BUILD_DIR}/${FRAMEWORKS_FOLDER_PATH}/SVProgressHUD.framework",
				"${TARGET_BUILD_DIR}/${FRAMEWORKS_FOLDER_PATH}/leveldb.framework",
				"${TARGET_BUILD_DIR}/${FRAMEWORKS_FOLDER_PATH}/nanopb.framework",
			);
			runOnlyForDeploymentPostprocessing = 0;
			shellPath = /bin/sh;
			shellScript = "\"${SRCROOT}/Pods/Target Support Files/Pods-ProjectManagmentProcesses/Pods-ProjectManagmentProcesses-frameworks.sh\"\n";
			showEnvVarsInLog = 0;
		};
		D5216367806035D9ED007B72 /* [CP] Check Pods Manifest.lock */ = {
			isa = PBXShellScriptBuildPhase;
			buildActionMask = 2147483647;
			files = (
			);
			inputPaths = (
				"${PODS_PODFILE_DIR_PATH}/Podfile.lock",
				"${PODS_ROOT}/Manifest.lock",
			);
			name = "[CP] Check Pods Manifest.lock";
			outputPaths = (
				"$(DERIVED_FILE_DIR)/Pods-ProjectManagmentProcesses-checkManifestLockResult.txt",
			);
			runOnlyForDeploymentPostprocessing = 0;
			shellPath = /bin/sh;
			shellScript = "diff \"${PODS_PODFILE_DIR_PATH}/Podfile.lock\" \"${PODS_ROOT}/Manifest.lock\" > /dev/null\nif [ $? != 0 ] ; then\n    # print error to STDERR\n    echo \"error: The sandbox is not in sync with the Podfile.lock. Run 'pod install' or update your CocoaPods installation.\" >&2\n    exit 1\nfi\n# This output is used by Xcode 'outputs' to avoid re-running this script phase.\necho \"SUCCESS\" > \"${SCRIPT_OUTPUT_FILE_0}\"\n";
			showEnvVarsInLog = 0;
		};
/* End PBXShellScriptBuildPhase section */

/* Begin PBXSourcesBuildPhase section */
		C2A746582124E53500500AA1 /* Sources */ = {
			isa = PBXSourcesBuildPhase;
			buildActionMask = 2147483647;
			files = (
				C2718C6F212A0522008BDA27 /* MenuOneViewController.swift in Sources */,
				C2A746792124E83F00500AA1 /* LoginViewController.swift in Sources */,
				C2A746872125070E00500AA1 /* QuestionBank.swift in Sources */,
				C2A74683212504DF00500AA1 /* PreviousResultsTableViewController.swift in Sources */,
				C2A746602124E53500500AA1 /* AppDelegate.swift in Sources */,
				C22B49EC21276BCB00A6CAC3 /* MenuViewController.swift in Sources */,
				C2A7467D2124FDB600500AA1 /* QuestionViewController.swift in Sources */,
				C26A09B22135273E00F8D5FB /* CustomResultsCell.swift in Sources */,
				C2A7467F2125023C00500AA1 /* ResultsViewController.swift in Sources */,
				C2A746892125087C00500AA1 /* Bank.swift in Sources */,
				C2A746852125057300500AA1 /* Question.swift in Sources */,
			);
			runOnlyForDeploymentPostprocessing = 0;
		};
/* End PBXSourcesBuildPhase section */

/* Begin PBXVariantGroup section */
		C2A746632124E53500500AA1 /* Main.storyboard */ = {
			isa = PBXVariantGroup;
			children = (
				C2A746642124E53500500AA1 /* Base */,
			);
			name = Main.storyboard;
			sourceTree = "<group>";
		};
		C2A746682124E53700500AA1 /* LaunchScreen.storyboard */ = {
			isa = PBXVariantGroup;
			children = (
				C2A746692124E53700500AA1 /* Base */,
			);
			name = LaunchScreen.storyboard;
			sourceTree = "<group>";
		};
/* End PBXVariantGroup section */

/* Begin XCBuildConfiguration section */
		C2A7466C2124E53700500AA1 /* Debug */ = {
			isa = XCBuildConfiguration;
			buildSettings = {
				ALWAYS_SEARCH_USER_PATHS = NO;
				CLANG_ANALYZER_NONNULL = YES;
				CLANG_ANALYZER_NUMBER_OBJECT_CONVERSION = YES_AGGRESSIVE;
				CLANG_CXX_LANGUAGE_STANDARD = "gnu++14";
				CLANG_CXX_LIBRARY = "libc++";
				CLANG_ENABLE_MODULES = YES;
				CLANG_ENABLE_OBJC_ARC = YES;
				CLANG_ENABLE_OBJC_WEAK = YES;
				CLANG_WARN_BLOCK_CAPTURE_AUTORELEASING = YES;
				CLANG_WARN_BOOL_CONVERSION = YES;
				CLANG_WARN_COMMA = YES;
				CLANG_WARN_CONSTANT_CONVERSION = YES;
				CLANG_WARN_DEPRECATED_OBJC_IMPLEMENTATIONS = YES;
				CLANG_WARN_DIRECT_OBJC_ISA_USAGE = YES_ERROR;
				CLANG_WARN_DOCUMENTATION_COMMENTS = YES;
				CLANG_WARN_EMPTY_BODY = YES;
				CLANG_WARN_ENUM_CONVERSION = YES;
				CLANG_WARN_INFINITE_RECURSION = YES;
				CLANG_WARN_INT_CONVERSION = YES;
				CLANG_WARN_NON_LITERAL_NULL_CONVERSION = YES;
				CLANG_WARN_OBJC_IMPLICIT_RETAIN_SELF = YES;
				CLANG_WARN_OBJC_LITERAL_CONVERSION = YES;
				CLANG_WARN_OBJC_ROOT_CLASS = YES_ERROR;
				CLANG_WARN_RANGE_LOOP_ANALYSIS = YES;
				CLANG_WARN_STRICT_PROTOTYPES = YES;
				CLANG_WARN_SUSPICIOUS_MOVE = YES;
				CLANG_WARN_UNGUARDED_AVAILABILITY = YES_AGGRESSIVE;
				CLANG_WARN_UNREACHABLE_CODE = YES;
				CLANG_WARN__DUPLICATE_METHOD_MATCH = YES;
				CODE_SIGN_IDENTITY = "iPhone Developer";
				COPY_PHASE_STRIP = NO;
				DEBUG_INFORMATION_FORMAT = dwarf;
				ENABLE_STRICT_OBJC_MSGSEND = YES;
				ENABLE_TESTABILITY = YES;
				GCC_C_LANGUAGE_STANDARD = gnu11;
				GCC_DYNAMIC_NO_PIC = NO;
				GCC_NO_COMMON_BLOCKS = YES;
				GCC_OPTIMIZATION_LEVEL = 0;
				GCC_PREPROCESSOR_DEFINITIONS = (
					"DEBUG=1",
					"$(inherited)",
				);
				GCC_WARN_64_TO_32_BIT_CONVERSION = YES;
				GCC_WARN_ABOUT_RETURN_TYPE = YES_ERROR;
				GCC_WARN_UNDECLARED_SELECTOR = YES;
				GCC_WARN_UNINITIALIZED_AUTOS = YES_AGGRESSIVE;
				GCC_WARN_UNUSED_FUNCTION = YES;
				GCC_WARN_UNUSED_VARIABLE = YES;
				IPHONEOS_DEPLOYMENT_TARGET = 11.4;
				MTL_ENABLE_DEBUG_INFO = YES;
				ONLY_ACTIVE_ARCH = YES;
				SDKROOT = iphoneos;
				SWIFT_ACTIVE_COMPILATION_CONDITIONS = DEBUG;
				SWIFT_OPTIMIZATION_LEVEL = "-Onone";
			};
			name = Debug;
		};
		C2A7466D2124E53700500AA1 /* Release */ = {
			isa = XCBuildConfiguration;
			buildSettings = {
				ALWAYS_SEARCH_USER_PATHS = NO;
				CLANG_ANALYZER_NONNULL = YES;
				CLANG_ANALYZER_NUMBER_OBJECT_CONVERSION = YES_AGGRESSIVE;
				CLANG_CXX_LANGUAGE_STANDARD = "gnu++14";
				CLANG_CXX_LIBRARY = "libc++";
				CLANG_ENABLE_MODULES = YES;
				CLANG_ENABLE_OBJC_ARC = YES;
				CLANG_ENABLE_OBJC_WEAK = YES;
				CLANG_WARN_BLOCK_CAPTURE_AUTORELEASING = YES;
				CLANG_WARN_BOOL_CONVERSION = YES;
				CLANG_WARN_COMMA = YES;
				CLANG_WARN_CONSTANT_CONVERSION = YES;
				CLANG_WARN_DEPRECATED_OBJC_IMPLEMENTATIONS = YES;
				CLANG_WARN_DIRECT_OBJC_ISA_USAGE = YES_ERROR;
				CLANG_WARN_DOCUMENTATION_COMMENTS = YES;
				CLANG_WARN_EMPTY_BODY = YES;
				CLANG_WARN_ENUM_CONVERSION = YES;
				CLANG_WARN_INFINITE_RECURSION = YES;
				CLANG_WARN_INT_CONVERSION = YES;
				CLANG_WARN_NON_LITERAL_NULL_CONVERSION = YES;
				CLANG_WARN_OBJC_IMPLICIT_RETAIN_SELF = YES;
				CLANG_WARN_OBJC_LITERAL_CONVERSION = YES;
				CLANG_WARN_OBJC_ROOT_CLASS = YES_ERROR;
				CLANG_WARN_RANGE_LOOP_ANALYSIS = YES;
				CLANG_WARN_STRICT_PROTOTYPES = YES;
				CLANG_WARN_SUSPICIOUS_MOVE = YES;
				CLANG_WARN_UNGUARDED_AVAILABILITY = YES_AGGRESSIVE;
				CLANG_WARN_UNREACHABLE_CODE = YES;
				CLANG_WARN__DUPLICATE_METHOD_MATCH = YES;
				CODE_SIGN_IDENTITY = "iPhone Developer";
				COPY_PHASE_STRIP = NO;
				DEBUG_INFORMATION_FORMAT = "dwarf-with-dsym";
				ENABLE_NS_ASSERTIONS = NO;
				ENABLE_STRICT_OBJC_MSGSEND = YES;
				GCC_C_LANGUAGE_STANDARD = gnu11;
				GCC_NO_COMMON_BLOCKS = YES;
				GCC_WARN_64_TO_32_BIT_CONVERSION = YES;
				GCC_WARN_ABOUT_RETURN_TYPE = YES_ERROR;
				GCC_WARN_UNDECLARED_SELECTOR = YES;
				GCC_WARN_UNINITIALIZED_AUTOS = YES_AGGRESSIVE;
				GCC_WARN_UNUSED_FUNCTION = YES;
				GCC_WARN_UNUSED_VARIABLE = YES;
				IPHONEOS_DEPLOYMENT_TARGET = 11.4;
				MTL_ENABLE_DEBUG_INFO = NO;
				SDKROOT = iphoneos;
				SWIFT_COMPILATION_MODE = wholemodule;
				SWIFT_OPTIMIZATION_LEVEL = "-O";
				VALIDATE_PRODUCT = YES;
			};
			name = Release;
		};
		C2A7466F2124E53700500AA1 /* Debug */ = {
			isa = XCBuildConfiguration;
			baseConfigurationReference = C3C1BD25D2777C7310E2D9EB /* Pods-ProjectManagmentProcesses.debug.xcconfig */;
			buildSettings = {
				ASSETCATALOG_COMPILER_APPICON_NAME = AppIcon;
				CODE_SIGN_STYLE = Automatic;
				INFOPLIST_FILE = ProjectManagmentProcesses/Info.plist;
				LD_RUNPATH_SEARCH_PATHS = (
					"$(inherited)",
					"@executable_path/Frameworks",
				);
				PRODUCT_BUNDLE_IDENTIFIER = com.lehector.ProcesosGestionProyectos;
				PRODUCT_NAME = "$(TARGET_NAME)";
				SWIFT_VERSION = 4.0;
				TARGETED_DEVICE_FAMILY = "1,2";
			};
			name = Debug;
		};
		C2A746702124E53700500AA1 /* Release */ = {
			isa = XCBuildConfiguration;
			baseConfigurationReference = 07D362519260BA47A2FA7E56 /* Pods-ProjectManagmentProcesses.release.xcconfig */;
			buildSettings = {
				ASSETCATALOG_COMPILER_APPICON_NAME = AppIcon;
				CODE_SIGN_STYLE = Automatic;
				INFOPLIST_FILE = ProjectManagmentProcesses/Info.plist;
				LD_RUNPATH_SEARCH_PATHS = (
					"$(inherited)",
					"@executable_path/Frameworks",
				);
				PRODUCT_BUNDLE_IDENTIFIER = com.lehector.ProcesosGestionProyectos;
				PRODUCT_NAME = "$(TARGET_NAME)";
				SWIFT_VERSION = 4.0;
				TARGETED_DEVICE_FAMILY = "1,2";
			};
			name = Release;
		};
/* End XCBuildConfiguration section */

/* Begin XCConfigurationList section */
		C2A746572124E53500500AA1 /* Build configuration list for PBXProject "ProjectManagmentProcesses" */ = {
			isa = XCConfigurationList;
			buildConfigurations = (
				C2A7466C2124E53700500AA1 /* Debug */,
				C2A7466D2124E53700500AA1 /* Release */,
			);
			defaultConfigurationIsVisible = 0;
			defaultConfigurationName = Release;
		};
		C2A7466E2124E53700500AA1 /* Build configuration list for PBXNativeTarget "ProjectManagmentProcesses" */ = {
			isa = XCConfigurationList;
			buildConfigurations = (
				C2A7466F2124E53700500AA1 /* Debug */,
				C2A746702124E53700500AA1 /* Release */,
			);
			defaultConfigurationIsVisible = 0;
			defaultConfigurationName = Release;
		};
/* End XCConfigurationList section */
	};
	rootObject = C2A746542124E53500500AA1 /* Project object */;
}
